
Microsoft Visual Studio Solution File, Format Version 12.00
# Visual Studio Version 17
VisualStudioVersion = 17.9.34728.123
MinimumVisualStudioVersion = 10.0.40219.1
Project("{9A19103F-16F7-4668-BE54-9A1E7A4F7556}") = "SQL Specsheet Version Look Through All of Excel and SQL", "SQL Specsheet Version Look Through All of Excel and SQL.csproj", "{1AEF3A8B-941B-4608-A295-D07968403F3F}"
EndProject
Global
	GlobalSection(SolutionConfigurationPlatforms) = preSolution
		Debug|Any CPU = Debug|Any CPU
		Release|Any CPU = Release|Any CPU
	EndGlobalSection
	GlobalSection(ProjectConfigurationPlatforms) = postSolution
		{1AEF3A8B-941B-4608-A295-D07968403F3F}.Debug|Any CPU.ActiveCfg = Debug|Any CPU
		{1AEF3A8B-941B-4608-A295-D07968403F3F}.Debug|Any CPU.Build.0 = Debug|Any CPU
		{1AEF3A8B-941B-4608-A295-D07968403F3F}.Release|Any CPU.ActiveCfg = Release|Any CPU
		{1AEF3A8B-941B-4608-A295-D07968403F3F}.Release|Any CPU.Build.0 = Release|Any CPU
	EndGlobalSection
	GlobalSection(SolutionProperties) = preSolution
		HideSolutionNode = FALSE
	EndGlobalSection
	GlobalSection(ExtensibilityGlobals) = postSolution
		SolutionGuid = {CDC8D2D7-671A-4D33-8BA3-AAAD015E52C1}
	EndGlobalSection
EndGlobal
